
Microsoft Visual Studio Solution File, Format Version 11.00
# Visual Studio 2010
Project("{FAE04EC0-301F-11D3-BF4B-00C04F79EFBC}") = "MTsystem_win", "MTsystem_win.csproj", "{E593D88F-B66A-4FC1-ABE6-B896A450E7F5}"
EndProject
Project("{54435603-DBB4-11D2-8724-00A0C9A8B90C}") = "MTsystem_win_Setup", "..\MTsystem_win_Setup\MTsystem_win_Setup.vdproj", "{C98FC2C0-7B35-4D52-B4A0-462C26D64CBD}"
EndProject
Global
	GlobalSection(SolutionConfigurationPlatforms) = preSolution
		CD_ROM|Any CPU = CD_ROM|Any CPU
		Debug|Any CPU = Debug|Any CPU
		DVD-5|Any CPU = DVD-5|Any CPU
		Release|Any CPU = Release|Any CPU
		SingleImage|Any CPU = SingleImage|Any CPU
	EndGlobalSection
	GlobalSection(ProjectConfigurationPlatforms) = postSolution
		{E593D88F-B66A-4FC1-ABE6-B896A450E7F5}.CD_ROM|Any CPU.ActiveCfg = Release|Any CPU
		{E593D88F-B66A-4FC1-ABE6-B896A450E7F5}.CD_ROM|Any CPU.Build.0 = Release|Any CPU
		{E593D88F-B66A-4FC1-ABE6-B896A450E7F5}.Debug|Any CPU.ActiveCfg = Debug|Any CPU
		{E593D88F-B66A-4FC1-ABE6-B896A450E7F5}.Debug|Any CPU.Build.0 = Debug|Any CPU
		{E593D88F-B66A-4FC1-ABE6-B896A450E7F5}.DVD-5|Any CPU.ActiveCfg = Debug|Any CPU
		{E593D88F-B66A-4FC1-ABE6-B896A450E7F5}.DVD-5|Any CPU.Build.0 = Debug|Any CPU
		{E593D88F-B66A-4FC1-ABE6-B896A450E7F5}.Release|Any CPU.ActiveCfg = Release|Any CPU
		{E593D88F-B66A-4FC1-ABE6-B896A450E7F5}.Release|Any CPU.Build.0 = Release|Any CPU
		{E593D88F-B66A-4FC1-ABE6-B896A450E7F5}.SingleImage|Any CPU.ActiveCfg = Release|Any CPU
		{E593D88F-B66A-4FC1-ABE6-B896A450E7F5}.SingleImage|Any CPU.Build.0 = Release|Any CPU
		{C98FC2C0-7B35-4D52-B4A0-462C26D64CBD}.CD_ROM|Any CPU.ActiveCfg = Release
		{C98FC2C0-7B35-4D52-B4A0-462C26D64CBD}.Debug|Any CPU.ActiveCfg = Debug
		{C98FC2C0-7B35-4D52-B4A0-462C26D64CBD}.DVD-5|Any CPU.ActiveCfg = Debug
		{C98FC2C0-7B35-4D52-B4A0-462C26D64CBD}.Release|Any CPU.ActiveCfg = Release
		{C98FC2C0-7B35-4D52-B4A0-462C26D64CBD}.SingleImage|Any CPU.ActiveCfg = Release
	EndGlobalSection
	GlobalSection(SolutionProperties) = preSolution
		HideSolutionNode = FALSE
	EndGlobalSection
EndGlobal
